
Microsoft Visual Studio Solution File, Format Version 12.00
# Visual Studio Version 16
VisualStudioVersion = 16.0.29613.14
MinimumVisualStudioVersion = 10.0.40219.1
Project("{FAE04EC0-301F-11D3-BF4B-00C04F79EFBC}") = "ModelBindingSample", "ModelBindingSample\ModelBindingSample.csproj", "{0D819F02-4049-42AF-8F9F-BEE5CFCE73D4}"
EndProject
Global
	GlobalSection(SolutionConfigurationPlatforms) = preSolution
		Debug|Any CPU = Debug|Any CPU
		Release|Any CPU = Release|Any CPU
	EndGlobalSection
	GlobalSection(ProjectConfigurationPlatforms) = postSolution
		{0D819F02-4049-42AF-8F9F-BEE5CFCE73D4}.Debug|Any CPU.ActiveCfg = Debug|Any CPU
		{0D819F02-4049-42AF-8F9F-BEE5CFCE73D4}.Debug|Any CPU.Build.0 = Debug|Any CPU
		{0D819F02-4049-42AF-8F9F-BEE5CFCE73D4}.Release|Any CPU.ActiveCfg = Release|Any CPU
		{0D819F02-4049-42AF-8F9F-BEE5CFCE73D4}.Release|Any CPU.Build.0 = Release|Any CPU
	EndGlobalSection
	GlobalSection(SolutionProperties) = preSolution
		HideSolutionNode = FALSE
	EndGlobalSection
	GlobalSection(ExtensibilityGlobals) = postSolution
		SolutionGuid = {1EB658D9-76DF-4B75-8150-6CB58451F0FB}
	EndGlobalSection
EndGlobal
